
Microsoft Visual Studio Solution File, Format Version 12.00
# Visual Studio Version 16
VisualStudioVersion = 25.0.1704.3
MinimumVisualStudioVersion = 10.0.40219.1
Project("{FAE04EC0-301F-11D3-BF4B-00C04F79EFBC}") = "classChoice", "classChoice\classChoice.csproj", "{194ED9D9-7EC9-4C76-B759-CE26A0B021FD}"
EndProject
Global
	GlobalSection(SolutionConfigurationPlatforms) = preSolution
		Debug|Any CPU = Debug|Any CPU
		Release|Any CPU = Release|Any CPU
	EndGlobalSection
	GlobalSection(ProjectConfigurationPlatforms) = postSolution
		{194ED9D9-7EC9-4C76-B759-CE26A0B021FD}.Debug|Any CPU.ActiveCfg = Debug|Any CPU
		{194ED9D9-7EC9-4C76-B759-CE26A0B021FD}.Debug|Any CPU.Build.0 = Debug|Any CPU
		{194ED9D9-7EC9-4C76-B759-CE26A0B021FD}.Release|Any CPU.ActiveCfg = Release|Any CPU
		{194ED9D9-7EC9-4C76-B759-CE26A0B021FD}.Release|Any CPU.Build.0 = Release|Any CPU
	EndGlobalSection
	GlobalSection(SolutionProperties) = preSolution
		HideSolutionNode = FALSE
	EndGlobalSection
	GlobalSection(ExtensibilityGlobals) = postSolution
		SolutionGuid = {065D927B-2F71-41F5-AB7D-F13A6D1B09A1}
	EndGlobalSection
EndGlobal
